
Microsoft Visual Studio Solution File, Format Version 12.00
# Visual Studio 15
VisualStudioVersion = 15.0.27130.2020
MinimumVisualStudioVersion = 10.0.40219.1
Project("{FAE04EC0-301F-11D3-BF4B-00C04F79EFBC}") = "DynamicRulesEngine.Logic", "DynamicRulesEngine.Logic\DynamicRulesEngine.Logic.csproj", "{B268A531-8E6B-4D6D-A4C5-78EBFB42799E}"
EndProject
Project("{FAE04EC0-301F-11D3-BF4B-00C04F79EFBC}") = "DynamicRulesEngine.UI", "DynamicRulesEngine.UI\DynamicRulesEngine.UI.csproj", "{4AD8C65E-7D68-430D-AF0D-00A28988255A}"
EndProject
Global
	GlobalSection(SolutionConfigurationPlatforms) = preSolution
		Debug|Any CPU = Debug|Any CPU
		Release|Any CPU = Release|Any CPU
	EndGlobalSection
	GlobalSection(ProjectConfigurationPlatforms) = postSolution
		{B268A531-8E6B-4D6D-A4C5-78EBFB42799E}.Debug|Any CPU.ActiveCfg = Debug|Any CPU
		{B268A531-8E6B-4D6D-A4C5-78EBFB42799E}.Debug|Any CPU.Build.0 = Debug|Any CPU
		{B268A531-8E6B-4D6D-A4C5-78EBFB42799E}.Release|Any CPU.ActiveCfg = Release|Any CPU
		{B268A531-8E6B-4D6D-A4C5-78EBFB42799E}.Release|Any CPU.Build.0 = Release|Any CPU
		{4AD8C65E-7D68-430D-AF0D-00A28988255A}.Debug|Any CPU.ActiveCfg = Debug|Any CPU
		{4AD8C65E-7D68-430D-AF0D-00A28988255A}.Debug|Any CPU.Build.0 = Debug|Any CPU
		{4AD8C65E-7D68-430D-AF0D-00A28988255A}.Release|Any CPU.ActiveCfg = Release|Any CPU
		{4AD8C65E-7D68-430D-AF0D-00A28988255A}.Release|Any CPU.Build.0 = Release|Any CPU
	EndGlobalSection
	GlobalSection(SolutionProperties) = preSolution
		HideSolutionNode = FALSE
	EndGlobalSection
	GlobalSection(ExtensibilityGlobals) = postSolution
		SolutionGuid = {D0F22AF6-5699-4829-B5DD-4A91FEECC0A1}
	EndGlobalSection
EndGlobal
